
Microsoft Visual Studio Solution File, Format Version 12.00
# Visual Studio Version 16
VisualStudioVersion = 16.0.30503.244
MinimumVisualStudioVersion = 10.0.40219.1
Project("{8BC9CEB8-8B4A-11D0-8D11-00A0C91BC942}") = "Project4", "Project4\Project4.vcxproj", "{D88A0B6C-AAF9-4575-9ED0-51A92E70AECB}"
EndProject
Global
	GlobalSection(SolutionConfigurationPlatforms) = preSolution
		Debug|ARM = Debug|ARM
		Debug|ARM64 = Debug|ARM64
		Debug|x64 = Debug|x64
		Debug|x86 = Debug|x86
		Release|ARM = Release|ARM
		Release|ARM64 = Release|ARM64
		Release|x64 = Release|x64
		Release|x86 = Release|x86
	EndGlobalSection
	GlobalSection(ProjectConfigurationPlatforms) = postSolution
		{D88A0B6C-AAF9-4575-9ED0-51A92E70AECB}.Debug|ARM.ActiveCfg = Debug|ARM
		{D88A0B6C-AAF9-4575-9ED0-51A92E70AECB}.Debug|ARM.Build.0 = Debug|ARM
		{D88A0B6C-AAF9-4575-9ED0-51A92E70AECB}.Debug|ARM.Deploy.0 = Debug|ARM
		{D88A0B6C-AAF9-4575-9ED0-51A92E70AECB}.Debug|ARM64.ActiveCfg = Debug|ARM64
		{D88A0B6C-AAF9-4575-9ED0-51A92E70AECB}.Debug|ARM64.Build.0 = Debug|ARM64
		{D88A0B6C-AAF9-4575-9ED0-51A92E70AECB}.Debug|ARM64.Deploy.0 = Debug|ARM64
		{D88A0B6C-AAF9-4575-9ED0-51A92E70AECB}.Debug|x64.ActiveCfg = Debug|x64
		{D88A0B6C-AAF9-4575-9ED0-51A92E70AECB}.Debug|x64.Build.0 = Debug|x64
		{D88A0B6C-AAF9-4575-9ED0-51A92E70AECB}.Debug|x64.Deploy.0 = Debug|x64
		{D88A0B6C-AAF9-4575-9ED0-51A92E70AECB}.Debug|x86.ActiveCfg = Debug|x86
		{D88A0B6C-AAF9-4575-9ED0-51A92E70AECB}.Debug|x86.Build.0 = Debug|x86
		{D88A0B6C-AAF9-4575-9ED0-51A92E70AECB}.Debug|x86.Deploy.0 = Debug|x86
		{D88A0B6C-AAF9-4575-9ED0-51A92E70AECB}.Release|ARM.ActiveCfg = Release|ARM
		{D88A0B6C-AAF9-4575-9ED0-51A92E70AECB}.Release|ARM.Build.0 = Release|ARM
		{D88A0B6C-AAF9-4575-9ED0-51A92E70AECB}.Release|ARM.Deploy.0 = Release|ARM
		{D88A0B6C-AAF9-4575-9ED0-51A92E70AECB}.Release|ARM64.ActiveCfg = Release|ARM64
		{D88A0B6C-AAF9-4575-9ED0-51A92E70AECB}.Release|ARM64.Build.0 = Release|ARM64
		{D88A0B6C-AAF9-4575-9ED0-51A92E70AECB}.Release|ARM64.Deploy.0 = Release|ARM64
		{D88A0B6C-AAF9-4575-9ED0-51A92E70AECB}.Release|x64.ActiveCfg = Release|x64
		{D88A0B6C-AAF9-4575-9ED0-51A92E70AECB}.Release|x64.Build.0 = Release|x64
		{D88A0B6C-AAF9-4575-9ED0-51A92E70AECB}.Release|x64.Deploy.0 = Release|x64
		{D88A0B6C-AAF9-4575-9ED0-51A92E70AECB}.Release|x86.ActiveCfg = Release|x86
		{D88A0B6C-AAF9-4575-9ED0-51A92E70AECB}.Release|x86.Build.0 = Release|x86
		{D88A0B6C-AAF9-4575-9ED0-51A92E70AECB}.Release|x86.Deploy.0 = Release|x86
	EndGlobalSection
	GlobalSection(SolutionProperties) = preSolution
		HideSolutionNode = FALSE
	EndGlobalSection
	GlobalSection(ExtensibilityGlobals) = postSolution
		SolutionGuid = {0B847735-013E-4DE5-9665-3FC59DD20E70}
	EndGlobalSection
EndGlobal
